PODS:
  - Eureka (3.0.0)
  - Nimble (6.1.0)
  - Quick (1.1.0)
  - UIImage-Resize (1.0.1)

DEPENDENCIES:
  - Eureka (~> 3.0)
  - Nimble
  - Quick
  - UIImage-Resize

SPEC CHECKSUMS:
  Eureka: f36fd440c3ebb7bfea0a4fbe6f16a05f1cb35906
  Nimble: c53e6903fee94041b90ded74f135820437d8bf59
  Quick: dafc587e21eed9f4cab3249b9f9015b0b7a7f71d
  UIImage-Resize: fa776860f10e6900bbaf53a73e494bdceaaccc77

PODFILE CHECKSUM: 489784bf82305c5749aa0dbadf219f854b605bb6

COCOAPODS: 1.2.1
